{
  "name": "draco3dgltf",
  "version": "1.5.7",
  "lockfileVersion": 3,
  "requires": true,
  "packages": {
    "": {
      "name": "draco3dgltf",
      "version": "1.5.7",
      "license": "Apache-2.0",
      "dependencies": {
        "draco3dgltf": "file:"
      }
    },
    "node_modules/draco3dgltf": {
      "resolved": "",
      "link": true
    }
  }
}
